{
    "_readme": [
        "This file locks the dependencies of your project to a known state",
        "Read more about it at https://getcomposer.org/doc/01-basic-usage.md#installing-dependencies",
        "This file is @generated automatically"
    ],
    "content-hash": "3116ed0032f24f42b4de40df6e6fbc73",
    "packages": [
        {
            "name": "codeinwp/gutenberg-animation",
            "version": "1.0.7",
            "source": {
                "type": "git",
                "url": "https://github.com/Codeinwp/gutenberg-animation.git",
                "reference": "76b7d1b2458148280dc03be8fe163a21bb0ee738"
            },
            "dist": {
                "type": "zip",
                "url": "https://api.github.com/repos/Codeinwp/gutenberg-animation/zipball/76b7d1b2458148280dc03be8fe163a21bb0ee738",
                "reference": "76b7d1b2458148280dc03be8fe163a21bb0ee738",
                "shasum": ""
            },
            "require-dev": {
                "automattic/vipwpcs": "^0.3.0 || ^1.0.0",
                "dealerdirect/phpcodesniffer-composer-installer": "0.7.0",
                "phpcompatibility/php-compatibility": "^9",
                "squizlabs/php_codesniffer": "^3.3",
                "wp-coding-standards/wpcs": "^1"
            },
            "type": "library",
            "autoload": {
                "files": [
                    "load.php"
                ]
            },
            "notification-url": "https://packagist.org/downloads/",
            "license": [
                "GPL-3.0-or-later"
            ],
            "authors": [
                {
                    "name": "ThemeIsle team",
                    "email": "friends@themeisle.com",
                    "homepage": "https://themeisle.com"
                }
            ],
            "description": "CSS Animations for Gutenberg Blocks",
            "homepage": "https://github.com/Codeinwp/gutenberg-animation",
            "support": {
                "issues": "https://github.com/Codeinwp/gutenberg-animation/issues",
                "source": "https://github.com/Codeinwp/gutenberg-animation/tree/master"
            },
            "time": "2020-08-03T11:01:26+00:00"
        },
        {
            "name": "codeinwp/gutenberg-blocks",
            "version": "1.6.1",
            "source": {
                "type": "git",
                "url": "https://github.com/Codeinwp/gutenberg-blocks.git",
                "reference": "86ce7144e5c10d713443d04a35c026104083a5d1"
            },
            "dist": {
                "type": "zip",
                "url": "https://api.github.com/repos/Codeinwp/gutenberg-blocks/zipball/86ce7144e5c10d713443d04a35c026104083a5d1",
                "reference": "86ce7144e5c10d713443d04a35c026104083a5d1",
                "shasum": ""
            },
            "require": {
                "masterminds/html5": "^2.7",
                "tubalmartin/cssmin": "^4.1"
            },
            "require-dev": {
                "automattic/vipwpcs": "^0.3.0",
                "dealerdirect/phpcodesniffer-composer-installer": "0.7.1",
                "phpcompatibility/php-compatibility": "^9",
                "phpunit/phpunit": "^5",
                "squizlabs/php_codesniffer": "^3.3",
                "wp-coding-standards/wpcs": "^1"
            },
            "type": "library",
            "extra": {
                "installer-disable": "true"
            },
            "notification-url": "https://packagist.org/downloads/",
            "license": [
                "GPL-2.0-or-later"
            ],
            "authors": [
                {
                    "name": "ThemeIsle team",
                    "email": "friends@themeisle.com",
                    "homepage": "https://themeisle.com"
                }
            ],
            "description": "A set of awesome Gutenberg Blocks!",
            "homepage": "https://github.com/Codeinwp/gutenberg-blocks",
            "support": {
                "issues": "https://github.com/Codeinwp/gutenberg-blocks/issues",
                "source": "https://github.com/Codeinwp/gutenberg-blocks/tree/v1.6.1"
            },
            "time": "2021-03-02T18:21:40+00:00"
        },
        {
            "name": "codeinwp/gutenberg-css",
            "version": "1.1.1",
            "source": {
                "type": "git",
                "url": "https://github.com/Codeinwp/gutenberg-css.git",
                "reference": "1f67e8657b29a6d106541e43dd88508680cd7c37"
            },
            "dist": {
                "type": "zip",
                "url": "https://api.github.com/repos/Codeinwp/gutenberg-css/zipball/1f67e8657b29a6d106541e43dd88508680cd7c37",
                "reference": "1f67e8657b29a6d106541e43dd88508680cd7c37",
                "shasum": ""
            },
            "require-dev": {
                "automattic/vipwpcs": "^0.3.0 || ^1.0.0",
                "dealerdirect/phpcodesniffer-composer-installer": "0.7.1",
                "phpcompatibility/php-compatibility": "^9",
                "squizlabs/php_codesniffer": "^3.3",
                "wp-coding-standards/wpcs": "^1"
            },
            "type": "library",
            "extra": {
                "installer-disable": "true"
            },
            "autoload": {
                "files": [
                    "load.php"
                ]
            },
            "notification-url": "https://packagist.org/downloads/",
            "license": [
                "GPL-3.0-or-later"
            ],
            "authors": [
                {
                    "name": "ThemeIsle team",
                    "email": "friends@themeisle.com",
                    "homepage": "https://themeisle.com"
                }
            ],
            "description": "CSS Editor for Gutenberg Blocks",
            "homepage": "https://github.com/Codeinwp/gutenberg-css",
            "support": {
                "issues": "https://github.com/Codeinwp/gutenberg-css/issues",
                "source": "https://github.com/Codeinwp/gutenberg-css/tree/v1.1.1"
            },
            "time": "2021-02-09T23:41:09+00:00"
        },
        {
            "name": "codeinwp/gutenberg-menu-icons",
            "version": "1.0.4",
            "source": {
                "type": "git",
                "url": "https://github.com/Codeinwp/gutenberg-menu-icons.git",
                "reference": "121ef82c57a556301265cbd1032d28619235e488"
            },
            "dist": {
                "type": "zip",
                "url": "https://api.github.com/repos/Codeinwp/gutenberg-menu-icons/zipball/121ef82c57a556301265cbd1032d28619235e488",
                "reference": "121ef82c57a556301265cbd1032d28619235e488",
                "shasum": ""
            },
            "require-dev": {
                "automattic/vipwpcs": "^0.3.0 || ^1.0.0",
                "dealerdirect/phpcodesniffer-composer-installer": "0.6.2",
                "phpcompatibility/php-compatibility": "^9",
                "squizlabs/php_codesniffer": "^3.3",
                "wp-coding-standards/wpcs": "^1"
            },
            "type": "library",
            "autoload": {
                "files": [
                    "load.php"
                ]
            },
            "notification-url": "https://packagist.org/downloads/",
            "license": [
                "GPL-3.0-or-later"
            ],
            "authors": [
                {
                    "name": "ThemeIsle team",
                    "email": "friends@themeisle.com",
                    "homepage": "https://themeisle.com"
                }
            ],
            "description": "Menu Icons for Gutenberg",
            "homepage": "https://github.com/Codeinwp/gutenberg-menu-icons",
            "support": {
                "issues": "https://github.com/Codeinwp/gutenberg-menu-icons/issues",
                "source": "https://github.com/Codeinwp/gutenberg-menu-icons/tree/v1.0.4"
            },
            "time": "2020-05-17T21:08:46+00:00"
        },
        {
            "name": "codeinwp/themeisle-sdk",
            "version": "3.2.19",
            "source": {
                "type": "git",
                "url": "https://github.com/Codeinwp/themeisle-sdk.git",
                "reference": "abb31e2382fd8c40bcc18d7c9f3501d14bf48e87"
            },
            "dist": {
                "type": "zip",
                "url": "https://api.github.com/repos/Codeinwp/themeisle-sdk/zipball/abb31e2382fd8c40bcc18d7c9f3501d14bf48e87",
                "reference": "abb31e2382fd8c40bcc18d7c9f3501d14bf48e87",
                "shasum": ""
            },
            "require-dev": {
                "codeinwp/phpcs-ruleset": "dev-main"
            },
            "type": "library",
            "notification-url": "https://packagist.org/downloads/",
            "license": [
                "GPL-2.0+"
            ],
            "authors": [
                {
                    "name": "ThemeIsle team",
                    "email": "friends@themeisle.com",
                    "homepage": "https://themeisle.com"
                }
            ],
            "description": "ThemeIsle SDK",
            "homepage": "https://github.com/Codeinwp/themeisle-sdk",
            "keywords": [
                "wordpress"
            ],
            "support": {
                "issues": "https://github.com/Codeinwp/themeisle-sdk/issues",
                "source": "https://github.com/Codeinwp/themeisle-sdk/tree/v3.2.19"
            },
            "time": "2021-03-12T08:54:44+00:00"
        },
        {
            "name": "masterminds/html5",
            "version": "2.7.4",
            "source": {
                "type": "git",
                "url": "https://github.com/Masterminds/html5-php.git",
                "reference": "9227822783c75406cfe400984b2f095cdf03d417"
            },
            "dist": {
                "type": "zip",
                "url": "https://api.github.com/repos/Masterminds/html5-php/zipball/9227822783c75406cfe400984b2f095cdf03d417",
                "reference": "9227822783c75406cfe400984b2f095cdf03d417",
                "shasum": ""
            },
            "require": {
                "ext-ctype": "*",
                "ext-dom": "*",
                "ext-libxml": "*",
                "php": ">=5.3.0"
            },
            "require-dev": {
                "phpunit/phpunit": "^4.8.35"
            },
            "type": "library",
            "extra": {
                "branch-alias": {
                    "dev-master": "2.7-dev"
                }
            },
            "autoload": {
                "psr-4": {
                    "Masterminds\\": "src"
                }
            },
            "notification-url": "https://packagist.org/downloads/",
            "license": [
                "MIT"
            ],
            "authors": [
                {
                    "name": "Matt Butcher",
                    "email": "technosophos@gmail.com"
                },
                {
                    "name": "Matt Farina",
                    "email": "matt@mattfarina.com"
                },
                {
                    "name": "Asmir Mustafic",
                    "email": "goetas@gmail.com"
                }
            ],
            "description": "An HTML5 parser and serializer.",
            "homepage": "http://masterminds.github.io/html5-php",
            "keywords": [
                "HTML5",
                "dom",
                "html",
                "parser",
                "querypath",
                "serializer",
                "xml"
            ],
            "support": {
                "issues": "https://github.com/Masterminds/html5-php/issues",
                "source": "https://github.com/Masterminds/html5-php/tree/2.7.4"
            },
            "time": "2020-10-01T13:52:52+00:00"
        },
        {
            "name": "tubalmartin/cssmin",
            "version": "v4.1.1",
            "source": {
                "type": "git",
                "url": "https://github.com/tubalmartin/YUI-CSS-compressor-PHP-port.git",
                "reference": "3cbf557f4079d83a06f9c3ff9b957c022d7805cf"
            },
            "dist": {
                "type": "zip",
                "url": "https://api.github.com/repos/tubalmartin/YUI-CSS-compressor-PHP-port/zipball/3cbf557f4079d83a06f9c3ff9b957c022d7805cf",
                "reference": "3cbf557f4079d83a06f9c3ff9b957c022d7805cf",
                "shasum": ""
            },
            "require": {
                "ext-pcre": "*",
                "php": ">=5.3.2"
            },
            "require-dev": {
                "cogpowered/finediff": "0.3.*",
                "phpunit/phpunit": "4.8.*"
            },
            "bin": [
                "cssmin"
            ],
            "type": "library",
            "autoload": {
                "psr-4": {
                    "tubalmartin\\CssMin\\": "src"
                }
            },
            "notification-url": "https://packagist.org/downloads/",
            "license": [
                "BSD-3-Clause"
            ],
            "authors": [
                {
                    "name": "Túbal Martín",
                    "homepage": "http://tubalmartin.me/"
                }
            ],
            "description": "A PHP port of the YUI CSS compressor",
            "homepage": "https://github.com/tubalmartin/YUI-CSS-compressor-PHP-port",
            "keywords": [
                "compress",
                "compressor",
                "css",
                "cssmin",
                "minify",
                "yui"
            ],
            "support": {
                "issues": "https://github.com/tubalmartin/YUI-CSS-compressor-PHP-port/issues",
                "source": "https://github.com/tubalmartin/YUI-CSS-compressor-PHP-port"
            },
            "time": "2018-01-15T15:26:51+00:00"
        }
    ],
    "packages-dev": [
        {
            "name": "automattic/vipwpcs",
            "version": "1.0.0",
            "source": {
                "type": "git",
                "url": "https://github.com/Automattic/VIP-Coding-Standards.git",
                "reference": "8544a94c32f990b6669f2c7f034d4ba75ccbb558"
            },
            "dist": {
                "type": "zip",
                "url": "https://api.github.com/repos/Automattic/VIP-Coding-Standards/zipball/8544a94c32f990b6669f2c7f034d4ba75ccbb558",
                "reference": "8544a94c32f990b6669f2c7f034d4ba75ccbb558",
                "shasum": ""
            },
            "require": {
                "php": ">=5.6",
                "squizlabs/php_codesniffer": "^3.2.3",
                "wp-coding-standards/wpcs": "1.*"
            },
            "require-dev": {
                "dealerdirect/phpcodesniffer-composer-installer": "^0.5",
                "phpcompatibility/php-compatibility": "^9",
                "phpunit/phpunit": "^5 || ^6 || ^7"
            },
            "suggest": {
                "dealerdirect/phpcodesniffer-composer-installer": "^0.5 || This Composer plugin will sort out the PHPCS 'installed_paths' automatically."
            },
            "type": "phpcodesniffer-standard",
            "notification-url": "https://packagist.org/downloads/",
            "license": [
                "MIT"
            ],
            "authors": [
                {
                    "name": "Contributors",
                    "homepage": "https://github.com/Automattic/VIP-Coding-Standards/graphs/contributors"
                }
            ],
            "description": "PHP_CodeSniffer rules (sniffs) to enforce WordPress VIP minimum coding conventions",
            "keywords": [
                "phpcs",
                "standards",
                "wordpress"
            ],
            "support": {
                "issues": "https://github.com/Automattic/VIP-Coding-Standards/issues",
                "source": "https://github.com/Automattic/VIP-Coding-Standards",
                "wiki": "https://github.com/Automattic/VIP-Coding-Standards/wiki"
            },
            "time": "2019-04-24T21:34:09+00:00"
        },
        {
            "name": "dealerdirect/phpcodesniffer-composer-installer",
            "version": "v0.7.1",
            "source": {
                "type": "git",
                "url": "https://github.com/Dealerdirect/phpcodesniffer-composer-installer.git",
                "reference": "fe390591e0241955f22eb9ba327d137e501c771c"
            },
            "dist": {
                "type": "zip",
                "url": "https://api.github.com/repos/Dealerdirect/phpcodesniffer-composer-installer/zipball/fe390591e0241955f22eb9ba327d137e501c771c",
                "reference": "fe390591e0241955f22eb9ba327d137e501c771c",
                "shasum": ""
            },
            "require": {
                "composer-plugin-api": "^1.0 || ^2.0",
                "php": ">=5.3",
                "squizlabs/php_codesniffer": "^2.0 || ^3.0 || ^4.0"
            },
            "require-dev": {
                "composer/composer": "*",
                "phpcompatibility/php-compatibility": "^9.0",
                "sensiolabs/security-checker": "^4.1.0"
            },
            "type": "composer-plugin",
            "extra": {
                "class": "Dealerdirect\\Composer\\Plugin\\Installers\\PHPCodeSniffer\\Plugin"
            },
            "autoload": {
                "psr-4": {
                    "Dealerdirect\\Composer\\Plugin\\Installers\\PHPCodeSniffer\\": "src/"
                }
            },
            "notification-url": "https://packagist.org/downloads/",
            "license": [
                "MIT"
            ],
            "authors": [
                {
                    "name": "Franck Nijhof",
                    "email": "franck.nijhof@dealerdirect.com",
                    "homepage": "http://www.frenck.nl",
                    "role": "Developer / IT Manager"
                }
            ],
            "description": "PHP_CodeSniffer Standards Composer Installer Plugin",
            "homepage": "http://www.dealerdirect.com",
            "keywords": [
                "PHPCodeSniffer",
                "PHP_CodeSniffer",
                "code quality",
                "codesniffer",
                "composer",
                "installer",
                "phpcs",
                "plugin",
                "qa",
                "quality",
                "standard",
                "standards",
                "style guide",
                "stylecheck",
                "tests"
            ],
            "support": {
                "issues": "https://github.com/dealerdirect/phpcodesniffer-composer-installer/issues",
                "source": "https://github.com/dealerdirect/phpcodesniffer-composer-installer"
            },
            "time": "2020-12-07T18:04:37+00:00"
        },
        {
            "name": "phpcompatibility/php-compatibility",
            "version": "9.3.5",
            "source": {
                "type": "git",
                "url": "https://github.com/PHPCompatibility/PHPCompatibility.git",
                "reference": "9fb324479acf6f39452e0655d2429cc0d3914243"
            },
            "dist": {
                "type": "zip",
                "url": "https://api.github.com/repos/PHPCompatibility/PHPCompatibility/zipball/9fb324479acf6f39452e0655d2429cc0d3914243",
                "reference": "9fb324479acf6f39452e0655d2429cc0d3914243",
                "shasum": ""
            },
            "require": {
                "php": ">=5.3",
                "squizlabs/php_codesniffer": "^2.3 || ^3.0.2"
            },
            "conflict": {
                "squizlabs/php_codesniffer": "2.6.2"
            },
            "require-dev": {
                "phpunit/phpunit": "~4.5 || ^5.0 || ^6.0 || ^7.0"
            },
            "suggest": {
                "dealerdirect/phpcodesniffer-composer-installer": "^0.5 || This Composer plugin will sort out the PHPCS 'installed_paths' automatically.",
                "roave/security-advisories": "dev-master || Helps prevent installing dependencies with known security issues."
            },
            "type": "phpcodesniffer-standard",
            "notification-url": "https://packagist.org/downloads/",
            "license": [
                "LGPL-3.0-or-later"
            ],
            "authors": [
                {
                    "name": "Wim Godden",
                    "homepage": "https://github.com/wimg",
                    "role": "lead"
                },
                {
                    "name": "Juliette Reinders Folmer",
                    "homepage": "https://github.com/jrfnl",
                    "role": "lead"
                },
                {
                    "name": "Contributors",
                    "homepage": "https://github.com/PHPCompatibility/PHPCompatibility/graphs/contributors"
                }
            ],
            "description": "A set of sniffs for PHP_CodeSniffer that checks for PHP cross-version compatibility.",
            "homepage": "http://techblog.wimgodden.be/tag/codesniffer/",
            "keywords": [
                "compatibility",
                "phpcs",
                "standards"
            ],
            "support": {
                "issues": "https://github.com/PHPCompatibility/PHPCompatibility/issues",
                "source": "https://github.com/PHPCompatibility/PHPCompatibility"
            },
            "time": "2019-12-27T09:44:58+00:00"
        },
        {
            "name": "squizlabs/php_codesniffer",
            "version": "3.5.8",
            "source": {
                "type": "git",
                "url": "https://github.com/squizlabs/PHP_CodeSniffer.git",
                "reference": "9d583721a7157ee997f235f327de038e7ea6dac4"
            },
            "dist": {
                "type": "zip",
                "url": "https://api.github.com/repos/squizlabs/PHP_CodeSniffer/zipball/9d583721a7157ee997f235f327de038e7ea6dac4",
                "reference": "9d583721a7157ee997f235f327de038e7ea6dac4",
                "shasum": ""
            },
            "require": {
                "ext-simplexml": "*",
                "ext-tokenizer": "*",
                "ext-xmlwriter": "*",
                "php": ">=5.4.0"
            },
            "require-dev": {
                "phpunit/phpunit": "^4.0 || ^5.0 || ^6.0 || ^7.0"
            },
            "bin": [
                "bin/phpcs",
                "bin/phpcbf"
            ],
            "type": "library",
            "extra": {
                "branch-alias": {
                    "dev-master": "3.x-dev"
                }
            },
            "notification-url": "https://packagist.org/downloads/",
            "license": [
                "BSD-3-Clause"
            ],
            "authors": [
                {
                    "name": "Greg Sherwood",
                    "role": "lead"
                }
            ],
            "description": "PHP_CodeSniffer tokenizes PHP, JavaScript and CSS files and detects violations of a defined set of coding standards.",
            "homepage": "https://github.com/squizlabs/PHP_CodeSniffer",
            "keywords": [
                "phpcs",
                "standards"
            ],
            "support": {
                "issues": "https://github.com/squizlabs/PHP_CodeSniffer/issues",
                "source": "https://github.com/squizlabs/PHP_CodeSniffer",
                "wiki": "https://github.com/squizlabs/PHP_CodeSniffer/wiki"
            },
            "time": "2020-10-23T02:01:07+00:00"
        },
        {
            "name": "wp-coding-standards/wpcs",
            "version": "1.2.1",
            "source": {
                "type": "git",
                "url": "https://github.com/WordPress/WordPress-Coding-Standards.git",
                "reference": "f328bcafd97377e8e5e5d7b244d5ddbf301a3a5c"
            },
            "dist": {
                "type": "zip",
                "url": "https://api.github.com/repos/WordPress/WordPress-Coding-Standards/zipball/f328bcafd97377e8e5e5d7b244d5ddbf301a3a5c",
                "reference": "f328bcafd97377e8e5e5d7b244d5ddbf301a3a5c",
                "shasum": ""
            },
            "require": {
                "php": ">=5.3",
                "squizlabs/php_codesniffer": "^2.9.0 || ^3.0.2"
            },
            "require-dev": {
                "phpcompatibility/php-compatibility": "^9.0"
            },
            "suggest": {
                "dealerdirect/phpcodesniffer-composer-installer": "^0.4.3 || This Composer plugin will sort out the PHPCS 'installed_paths' automatically."
            },
            "type": "phpcodesniffer-standard",
            "notification-url": "https://packagist.org/downloads/",
            "license": [
                "MIT"
            ],
            "authors": [
                {
                    "name": "Contributors",
                    "homepage": "https://github.com/WordPress-Coding-Standards/WordPress-Coding-Standards/graphs/contributors"
                }
            ],
            "description": "PHP_CodeSniffer rules (sniffs) to enforce WordPress coding conventions",
            "keywords": [
                "phpcs",
                "standards",
                "wordpress"
            ],
            "support": {
                "issues": "https://github.com/WordPress-Coding-Standards/WordPress-Coding-Standards/issues",
                "source": "https://github.com/WordPress-Coding-Standards/WordPress-Coding-Standards",
                "wiki": "https://github.com/WordPress-Coding-Standards/WordPress-Coding-Standards/wiki"
            },
            "time": "2018-12-18T09:43:51+00:00"
        }
    ],
    "aliases": [],
    "minimum-stability": "dev",
    "stability-flags": [],
    "prefer-stable": true,
    "prefer-lowest": false,
    "platform": [],
    "platform-dev": [],
    "platform-overrides": {
        "php": "5.6"
    },
    "plugin-api-version": "2.0.0"
}
