{
    "_readme": [
        "This file locks the dependencies of your project to a known state",
        "Read more about it at https://getcomposer.org/doc/01-basic-usage.md#installing-dependencies",
        "This file is @generated automatically"
    ],
    "content-hash": "d6b2cabcdaa45f42873d1f0e78cb18f2",
    "packages": [
        {
            "name": "codeinwp/gutenberg-animation",
            "version": "1.0.5",
            "source": {
                "type": "git",
                "url": "https://github.com/Codeinwp/gutenberg-animation.git",
                "reference": "c2c7055dfa1ac6d72a5ba7b950a95cf47040b5f9"
            },
            "dist": {
                "type": "zip",
                "url": "https://api.github.com/repos/Codeinwp/gutenberg-animation/zipball/c2c7055dfa1ac6d72a5ba7b950a95cf47040b5f9",
                "reference": "c2c7055dfa1ac6d72a5ba7b950a95cf47040b5f9",
                "shasum": ""
            },
            "require-dev": {
                "automattic/vipwpcs": "^0.3.0 || ^1.0.0",
                "dealerdirect/phpcodesniffer-composer-installer": "0.6.2",
                "phpcompatibility/php-compatibility": "^9",
                "squizlabs/php_codesniffer": "^3.3",
                "wp-coding-standards/wpcs": "^1"
            },
            "type": "library",
            "autoload": {
                "files": [
                    "load.php"
                ]
            },
            "notification-url": "https://packagist.org/downloads/",
            "license": [
                "GPL-3.0-or-later"
            ],
            "authors": [
                {
                    "name": "ThemeIsle team",
                    "email": "friends@themeisle.com",
                    "homepage": "https://themeisle.com"
                }
            ],
            "description": "CSS Animations for Gutenberg Blocks",
            "homepage": "https://github.com/Codeinwp/gutenberg-animation",
            "time": "2020-02-15T00:15:35+00:00"
        },
        {
            "name": "codeinwp/gutenberg-blocks",
            "version": "1.4.2",
            "source": {
                "type": "git",
                "url": "https://github.com/Codeinwp/gutenberg-blocks.git",
                "reference": "93c60a115aa5f49c01941f5ed6da0949dc55b430"
            },
            "dist": {
                "type": "zip",
                "url": "https://api.github.com/repos/Codeinwp/gutenberg-blocks/zipball/93c60a115aa5f49c01941f5ed6da0949dc55b430",
                "reference": "93c60a115aa5f49c01941f5ed6da0949dc55b430",
                "shasum": ""
            },
            "require": {
                "tubalmartin/cssmin": "^4.1"
            },
            "require-dev": {
                "automattic/vipwpcs": "^0.3.0",
                "dealerdirect/phpcodesniffer-composer-installer": "0.6.2",
                "phpcompatibility/php-compatibility": "^9",
                "squizlabs/php_codesniffer": "^3.3",
                "wp-coding-standards/wpcs": "^1"
            },
            "type": "library",
            "extra": {
                "installer-disable": "true"
            },
            "notification-url": "https://packagist.org/downloads/",
            "license": [
                "GPL-2.0-or-later"
            ],
            "authors": [
                {
                    "name": "ThemeIsle team",
                    "email": "friends@themeisle.com",
                    "homepage": "https://themeisle.com"
                }
            ],
            "description": "A set of awesome Gutenberg Blocks!",
            "homepage": "https://github.com/Codeinwp/gutenberg-blocks",
            "time": "2020-03-20T08:38:39+00:00"
        },
        {
            "name": "codeinwp/gutenberg-css",
            "version": "1.0.8",
            "source": {
                "type": "git",
                "url": "https://github.com/Codeinwp/gutenberg-css.git",
                "reference": "da13824df56b8be9227584c587605063249c23a1"
            },
            "dist": {
                "type": "zip",
                "url": "https://api.github.com/repos/Codeinwp/gutenberg-css/zipball/da13824df56b8be9227584c587605063249c23a1",
                "reference": "da13824df56b8be9227584c587605063249c23a1",
                "shasum": ""
            },
            "require-dev": {
                "automattic/vipwpcs": "^0.3.0 || ^1.0.0",
                "dealerdirect/phpcodesniffer-composer-installer": "0.5.0",
                "phpcompatibility/php-compatibility": "^9",
                "squizlabs/php_codesniffer": "^3.3",
                "wp-coding-standards/wpcs": "^1"
            },
            "type": "library",
            "extra": {
                "installer-disable": "true"
            },
            "autoload": {
                "files": [
                    "load.php"
                ]
            },
            "notification-url": "https://packagist.org/downloads/",
            "license": [
                "GPL-3.0-or-later"
            ],
            "authors": [
                {
                    "name": "ThemeIsle team",
                    "email": "friends@themeisle.com",
                    "homepage": "https://themeisle.com"
                }
            ],
            "description": "CSS Editor for Gutenberg Blocks",
            "homepage": "https://github.com/Codeinwp/gutenberg-css",
            "time": "2020-01-15T08:46:44+00:00"
        },
        {
            "name": "codeinwp/themeisle-sdk",
            "version": "3.2.8",
            "source": {
                "type": "git",
                "url": "https://github.com/Codeinwp/themeisle-sdk.git",
                "reference": "ce152edef1634d7c3ce75ed292efcc7a5f73806e"
            },
            "dist": {
                "type": "zip",
                "url": "https://api.github.com/repos/Codeinwp/themeisle-sdk/zipball/ce152edef1634d7c3ce75ed292efcc7a5f73806e",
                "reference": "ce152edef1634d7c3ce75ed292efcc7a5f73806e",
                "shasum": ""
            },
            "require-dev": {
                "dealerdirect/phpcodesniffer-composer-installer": "^0.4.4",
                "squizlabs/php_codesniffer": "^3.1",
                "wp-coding-standards/wpcs": "^1.0.0"
            },
            "type": "library",
            "notification-url": "https://packagist.org/downloads/",
            "license": [
                "GPL-2.0+"
            ],
            "authors": [
                {
                    "name": "ThemeIsle team",
                    "email": "friends@themeisle.com",
                    "homepage": "https://themeisle.com"
                }
            ],
            "description": "ThemeIsle SDK.",
            "homepage": "https://github.com/Codeinwp/themeisle-sdk",
            "keywords": [
                "wordpress"
            ],
            "time": "2020-03-24T16:54:54+00:00"
        },
        {
            "name": "tubalmartin/cssmin",
            "version": "v4.1.1",
            "source": {
                "type": "git",
                "url": "https://github.com/tubalmartin/YUI-CSS-compressor-PHP-port.git",
                "reference": "3cbf557f4079d83a06f9c3ff9b957c022d7805cf"
            },
            "dist": {
                "type": "zip",
                "url": "https://api.github.com/repos/tubalmartin/YUI-CSS-compressor-PHP-port/zipball/3cbf557f4079d83a06f9c3ff9b957c022d7805cf",
                "reference": "3cbf557f4079d83a06f9c3ff9b957c022d7805cf",
                "shasum": ""
            },
            "require": {
                "ext-pcre": "*",
                "php": ">=5.3.2"
            },
            "require-dev": {
                "cogpowered/finediff": "0.3.*",
                "phpunit/phpunit": "4.8.*"
            },
            "bin": [
                "cssmin"
            ],
            "type": "library",
            "autoload": {
                "psr-4": {
                    "tubalmartin\\CssMin\\": "src"
                }
            },
            "notification-url": "https://packagist.org/downloads/",
            "license": [
                "BSD-3-Clause"
            ],
            "authors": [
                {
                    "name": "Túbal Martín",
                    "homepage": "http://tubalmartin.me/"
                }
            ],
            "description": "A PHP port of the YUI CSS compressor",
            "homepage": "https://github.com/tubalmartin/YUI-CSS-compressor-PHP-port",
            "keywords": [
                "compress",
                "compressor",
                "css",
                "cssmin",
                "minify",
                "yui"
            ],
            "time": "2018-01-15T15:26:51+00:00"
        }
    ],
    "packages-dev": [
        {
            "name": "automattic/vipwpcs",
            "version": "1.0.0",
            "source": {
                "type": "git",
                "url": "https://github.com/Automattic/VIP-Coding-Standards.git",
                "reference": "8544a94c32f990b6669f2c7f034d4ba75ccbb558"
            },
            "dist": {
                "type": "zip",
                "url": "https://api.github.com/repos/Automattic/VIP-Coding-Standards/zipball/8544a94c32f990b6669f2c7f034d4ba75ccbb558",
                "reference": "8544a94c32f990b6669f2c7f034d4ba75ccbb558",
                "shasum": ""
            },
            "require": {
                "php": ">=5.6",
                "squizlabs/php_codesniffer": "^3.2.3",
                "wp-coding-standards/wpcs": "1.*"
            },
            "require-dev": {
                "dealerdirect/phpcodesniffer-composer-installer": "^0.5",
                "phpcompatibility/php-compatibility": "^9",
                "phpunit/phpunit": "^5 || ^6 || ^7"
            },
            "suggest": {
                "dealerdirect/phpcodesniffer-composer-installer": "^0.5 || This Composer plugin will sort out the PHPCS 'installed_paths' automatically."
            },
            "type": "phpcodesniffer-standard",
            "notification-url": "https://packagist.org/downloads/",
            "license": [
                "MIT"
            ],
            "authors": [
                {
                    "name": "Contributors",
                    "homepage": "https://github.com/Automattic/VIP-Coding-Standards/graphs/contributors"
                }
            ],
            "description": "PHP_CodeSniffer rules (sniffs) to enforce WordPress VIP minimum coding conventions",
            "keywords": [
                "phpcs",
                "standards",
                "wordpress"
            ],
            "time": "2019-04-24T21:34:09+00:00"
        },
        {
            "name": "dealerdirect/phpcodesniffer-composer-installer",
            "version": "v0.6.2",
            "source": {
                "type": "git",
                "url": "https://github.com/Dealerdirect/phpcodesniffer-composer-installer.git",
                "reference": "8001af8eb107fbfcedc31a8b51e20b07d85b457a"
            },
            "dist": {
                "type": "zip",
                "url": "https://api.github.com/repos/Dealerdirect/phpcodesniffer-composer-installer/zipball/8001af8eb107fbfcedc31a8b51e20b07d85b457a",
                "reference": "8001af8eb107fbfcedc31a8b51e20b07d85b457a",
                "shasum": ""
            },
            "require": {
                "composer-plugin-api": "^1.0",
                "php": "^5.3|^7",
                "squizlabs/php_codesniffer": "^2|^3"
            },
            "require-dev": {
                "composer/composer": "*",
                "phpcompatibility/php-compatibility": "^9.0",
                "sensiolabs/security-checker": "^4.1.0"
            },
            "type": "composer-plugin",
            "extra": {
                "class": "Dealerdirect\\Composer\\Plugin\\Installers\\PHPCodeSniffer\\Plugin"
            },
            "autoload": {
                "psr-4": {
                    "Dealerdirect\\Composer\\Plugin\\Installers\\PHPCodeSniffer\\": "src/"
                }
            },
            "notification-url": "https://packagist.org/downloads/",
            "license": [
                "MIT"
            ],
            "authors": [
                {
                    "name": "Franck Nijhof",
                    "email": "franck.nijhof@dealerdirect.com",
                    "homepage": "http://www.frenck.nl",
                    "role": "Developer / IT Manager"
                }
            ],
            "description": "PHP_CodeSniffer Standards Composer Installer Plugin",
            "homepage": "http://www.dealerdirect.com",
            "keywords": [
                "PHPCodeSniffer",
                "PHP_CodeSniffer",
                "code quality",
                "codesniffer",
                "composer",
                "installer",
                "phpcs",
                "plugin",
                "qa",
                "quality",
                "standard",
                "standards",
                "style guide",
                "stylecheck",
                "tests"
            ],
            "time": "2020-01-29T20:22:20+00:00"
        },
        {
            "name": "phpcompatibility/php-compatibility",
            "version": "9.3.5",
            "source": {
                "type": "git",
                "url": "https://github.com/PHPCompatibility/PHPCompatibility.git",
                "reference": "9fb324479acf6f39452e0655d2429cc0d3914243"
            },
            "dist": {
                "type": "zip",
                "url": "https://api.github.com/repos/PHPCompatibility/PHPCompatibility/zipball/9fb324479acf6f39452e0655d2429cc0d3914243",
                "reference": "9fb324479acf6f39452e0655d2429cc0d3914243",
                "shasum": ""
            },
            "require": {
                "php": ">=5.3",
                "squizlabs/php_codesniffer": "^2.3 || ^3.0.2"
            },
            "conflict": {
                "squizlabs/php_codesniffer": "2.6.2"
            },
            "require-dev": {
                "phpunit/phpunit": "~4.5 || ^5.0 || ^6.0 || ^7.0"
            },
            "suggest": {
                "dealerdirect/phpcodesniffer-composer-installer": "^0.5 || This Composer plugin will sort out the PHPCS 'installed_paths' automatically.",
                "roave/security-advisories": "dev-master || Helps prevent installing dependencies with known security issues."
            },
            "type": "phpcodesniffer-standard",
            "notification-url": "https://packagist.org/downloads/",
            "license": [
                "LGPL-3.0-or-later"
            ],
            "authors": [
                {
                    "name": "Wim Godden",
                    "homepage": "https://github.com/wimg",
                    "role": "lead"
                },
                {
                    "name": "Juliette Reinders Folmer",
                    "homepage": "https://github.com/jrfnl",
                    "role": "lead"
                },
                {
                    "name": "Contributors",
                    "homepage": "https://github.com/PHPCompatibility/PHPCompatibility/graphs/contributors"
                }
            ],
            "description": "A set of sniffs for PHP_CodeSniffer that checks for PHP cross-version compatibility.",
            "homepage": "http://techblog.wimgodden.be/tag/codesniffer/",
            "keywords": [
                "compatibility",
                "phpcs",
                "standards"
            ],
            "time": "2019-12-27T09:44:58+00:00"
        },
        {
            "name": "squizlabs/php_codesniffer",
            "version": "3.5.4",
            "source": {
                "type": "git",
                "url": "https://github.com/squizlabs/PHP_CodeSniffer.git",
                "reference": "dceec07328401de6211037abbb18bda423677e26"
            },
            "dist": {
                "type": "zip",
                "url": "https://api.github.com/repos/squizlabs/PHP_CodeSniffer/zipball/dceec07328401de6211037abbb18bda423677e26",
                "reference": "dceec07328401de6211037abbb18bda423677e26",
                "shasum": ""
            },
            "require": {
                "ext-simplexml": "*",
                "ext-tokenizer": "*",
                "ext-xmlwriter": "*",
                "php": ">=5.4.0"
            },
            "require-dev": {
                "phpunit/phpunit": "^4.0 || ^5.0 || ^6.0 || ^7.0"
            },
            "bin": [
                "bin/phpcs",
                "bin/phpcbf"
            ],
            "type": "library",
            "extra": {
                "branch-alias": {
                    "dev-master": "3.x-dev"
                }
            },
            "notification-url": "https://packagist.org/downloads/",
            "license": [
                "BSD-3-Clause"
            ],
            "authors": [
                {
                    "name": "Greg Sherwood",
                    "role": "lead"
                }
            ],
            "description": "PHP_CodeSniffer tokenizes PHP, JavaScript and CSS files and detects violations of a defined set of coding standards.",
            "homepage": "https://github.com/squizlabs/PHP_CodeSniffer",
            "keywords": [
                "phpcs",
                "standards"
            ],
            "time": "2020-01-30T22:20:29+00:00"
        },
        {
            "name": "wp-coding-standards/wpcs",
            "version": "1.2.1",
            "source": {
                "type": "git",
                "url": "https://github.com/WordPress/WordPress-Coding-Standards.git",
                "reference": "f328bcafd97377e8e5e5d7b244d5ddbf301a3a5c"
            },
            "dist": {
                "type": "zip",
                "url": "https://api.github.com/repos/WordPress/WordPress-Coding-Standards/zipball/f328bcafd97377e8e5e5d7b244d5ddbf301a3a5c",
                "reference": "f328bcafd97377e8e5e5d7b244d5ddbf301a3a5c",
                "shasum": ""
            },
            "require": {
                "php": ">=5.3",
                "squizlabs/php_codesniffer": "^2.9.0 || ^3.0.2"
            },
            "require-dev": {
                "phpcompatibility/php-compatibility": "^9.0"
            },
            "suggest": {
                "dealerdirect/phpcodesniffer-composer-installer": "^0.4.3 || This Composer plugin will sort out the PHPCS 'installed_paths' automatically."
            },
            "type": "phpcodesniffer-standard",
            "notification-url": "https://packagist.org/downloads/",
            "license": [
                "MIT"
            ],
            "authors": [
                {
                    "name": "Contributors",
                    "homepage": "https://github.com/WordPress-Coding-Standards/WordPress-Coding-Standards/graphs/contributors"
                }
            ],
            "description": "PHP_CodeSniffer rules (sniffs) to enforce WordPress coding conventions",
            "keywords": [
                "phpcs",
                "standards",
                "wordpress"
            ],
            "time": "2018-12-18T09:43:51+00:00"
        }
    ],
    "aliases": [],
    "minimum-stability": "dev",
    "stability-flags": [],
    "prefer-stable": true,
    "prefer-lowest": false,
    "platform": [],
    "platform-dev": []
}
