{
    "_readme": [
        "This file locks the dependencies of your project to a known state",
        "Read more about it at https://getcomposer.org/doc/01-basic-usage.md#installing-dependencies",
        "This file is @generated automatically"
    ],
    "content-hash": "ea8f98e8dd0f89202c94f9b316205943",
    "packages": [
        {
            "name": "codeinwp/themeisle-sdk",
            "version": "3.3.25",
            "source": {
                "type": "git",
                "url": "https://github.com/Codeinwp/themeisle-sdk.git",
                "reference": "29b7c81f8ccd039f49d62ef7427a4cc06369becc"
            },
            "dist": {
                "type": "zip",
                "url": "https://api.github.com/repos/Codeinwp/themeisle-sdk/zipball/29b7c81f8ccd039f49d62ef7427a4cc06369becc",
                "reference": "29b7c81f8ccd039f49d62ef7427a4cc06369becc",
                "shasum": ""
            },
            "require-dev": {
                "codeinwp/phpcs-ruleset": "dev-main"
            },
            "type": "library",
            "notification-url": "https://packagist.org/downloads/",
            "license": [
                "GPL-2.0+"
            ],
            "authors": [
                {
                    "name": "ThemeIsle team",
                    "email": "friends@themeisle.com",
                    "homepage": "https://themeisle.com"
                }
            ],
            "description": "ThemeIsle SDK",
            "homepage": "https://github.com/Codeinwp/themeisle-sdk",
            "keywords": [
                "wordpress"
            ],
            "support": {
                "issues": "https://github.com/Codeinwp/themeisle-sdk/issues",
                "source": "https://github.com/Codeinwp/themeisle-sdk/tree/v3.3.25"
            },
            "time": "2024-07-08T13:49:14+00:00"
        }
    ],
    "packages-dev": [],
    "aliases": [],
    "minimum-stability": "dev",
    "stability-flags": [],
    "prefer-stable": true,
    "prefer-lowest": false,
    "platform": [],
    "platform-dev": [],
    "platform-overrides": {
        "php": "7.4"
    },
    "plugin-api-version": "2.6.0"
}
