{
    "_readme": [
        "This file locks the dependencies of your project to a known state",
        "Read more about it at https://getcomposer.org/doc/01-basic-usage.md#installing-dependencies",
        "This file is @generated automatically"
    ],
    "content-hash": "ed899448e202409404955845cc76a1d4",
    "packages": [
        {
            "name": "codeinwp/themeisle-sdk",
            "version": "3.3.50",
            "source": {
                "type": "git",
                "url": "https://github.com/Codeinwp/themeisle-sdk.git",
                "reference": "3c1f8dfc2390e667bbc086c5d660900a7985efa6"
            },
            "dist": {
                "type": "zip",
                "url": "https://api.github.com/repos/Codeinwp/themeisle-sdk/zipball/3c1f8dfc2390e667bbc086c5d660900a7985efa6",
                "reference": "3c1f8dfc2390e667bbc086c5d660900a7985efa6",
                "shasum": ""
            },
            "require-dev": {
                "codeinwp/phpcs-ruleset": "dev-main",
                "yoast/phpunit-polyfills": "^2.0"
            },
            "type": "library",
            "notification-url": "https://packagist.org/downloads/",
            "license": [
                "GPL-2.0+"
            ],
            "authors": [
                {
                    "name": "ThemeIsle team",
                    "email": "friends@themeisle.com",
                    "homepage": "https://themeisle.com"
                }
            ],
            "description": "Themeisle SDK.",
            "homepage": "https://github.com/Codeinwp/themeisle-sdk",
            "keywords": [
                "wordpress"
            ],
            "support": {
                "issues": "https://github.com/Codeinwp/themeisle-sdk/issues",
                "source": "https://github.com/Codeinwp/themeisle-sdk/tree/v3.3.50"
            },
            "time": "2025-11-25T19:36:35+00:00"
        }
    ],
    "packages-dev": [],
    "aliases": [],
    "minimum-stability": "dev",
    "stability-flags": {},
    "prefer-stable": true,
    "prefer-lowest": false,
    "platform": {},
    "platform-dev": {},
    "platform-overrides": {
        "php": "7.4"
    },
    "plugin-api-version": "2.6.0"
}
